// !$*UTF8*$!
{
	archiveVersion = 1;
	classes = {
	};
	objectVersion = 55;
	objects = {

/* Begin PBXBuildFile section */
		CD2CDD612762F1C0003A9AD1 /* main.swift in Sources */ = {isa = PBXBuildFile; fileRef = CD2CDD602762F1C0003A9AD1 /* main.swift */; };
		CD2CDD682762F1DA003A9AD1 /* Day10.swift in Sources */ = {isa = PBXBuildFile; fileRef = CD2CDD672762F1DA003A9AD1 /* Day10.swift */; };
		CD2CDD6B2762F331003A9AD1 /* Helpers.swift in Sources */ = {isa = PBXBuildFile; fileRef = CD2CDD6A2762F331003A9AD1 /* Helpers.swift */; };
		CD4F1D0E2769A67800E12E50 /* Day15.swift in Sources */ = {isa = PBXBuildFile; fileRef = CD4F1D0D2769A67800E12E50 /* Day15.swift */; };
		CD5532CB276531A20099F58D /* Day11.swift in Sources */ = {isa = PBXBuildFile; fileRef = CD5532CA276531A20099F58D /* Day11.swift */; };
		CD58BFB2276591F10041F8B1 /* Day12.swift in Sources */ = {isa = PBXBuildFile; fileRef = CD58BFB1276591F10041F8B1 /* Day12.swift */; };
		CD58BFB62765D9A30041F8B1 /* Day13.swift in Sources */ = {isa = PBXBuildFile; fileRef = CD58BFB52765D9A30041F8B1 /* Day13.swift */; };
		CD58BFB827671C120041F8B1 /* Day14.swift in Sources */ = {isa = PBXBuildFile; fileRef = CD58BFB727671C120041F8B1 /* Day14.swift */; };
		CD9AE05F2769E3F90088F38F /* Day16.swift in Sources */ = {isa = PBXBuildFile; fileRef = CD9AE05E2769E3F90088F38F /* Day16.swift */; };
		CD9AE061276B41E90088F38F /* Day17.swift in Sources */ = {isa = PBXBuildFile; fileRef = CD9AE060276B41E90088F38F /* Day17.swift */; };
/* End PBXBuildFile section */

/* Begin PBXCopyFilesBuildPhase section */
		CD2CDD5B2762F1C0003A9AD1 /* CopyFiles */ = {
			isa = PBXCopyFilesBuildPhase;
			buildActionMask = 2147483647;
			dstPath = /usr/share/man/man1/;
			dstSubfolderSpec = 0;
			files = (
			);
			runOnlyForDeploymentPostprocessing = 1;
		};
/* End PBXCopyFilesBuildPhase section */

/* Begin PBXFileReference section */
		CD2CDD5D2762F1C0003A9AD1 /* Advent2021 */ = {isa = PBXFileReference; explicitFileType = "compiled.mach-o.executable"; includeInIndex = 0; path = Advent2021; sourceTree = BUILT_PRODUCTS_DIR; };
		CD2CDD602762F1C0003A9AD1 /* main.swift */ = {isa = PBXFileReference; lastKnownFileType = sourcecode.swift; path = main.swift; sourceTree = "<group>"; };
		CD2CDD672762F1DA003A9AD1 /* Day10.swift */ = {isa = PBXFileReference; lastKnownFileType = sourcecode.swift; path = Day10.swift; sourceTree = "<group>"; };
		CD2CDD6A2762F331003A9AD1 /* Helpers.swift */ = {isa = PBXFileReference; lastKnownFileType = sourcecode.swift; path = Helpers.swift; sourceTree = "<group>"; };
		CD4F1D0D2769A67800E12E50 /* Day15.swift */ = {isa = PBXFileReference; lastKnownFileType = sourcecode.swift; path = Day15.swift; sourceTree = "<group>"; };
		CD5532CA276531A20099F58D /* Day11.swift */ = {isa = PBXFileReference; lastKnownFileType = sourcecode.swift; path = Day11.swift; sourceTree = "<group>"; };
		CD58BFB1276591F10041F8B1 /* Day12.swift */ = {isa = PBXFileReference; lastKnownFileType = sourcecode.swift; path = Day12.swift; sourceTree = "<group>"; };
		CD58BFB52765D9A30041F8B1 /* Day13.swift */ = {isa = PBXFileReference; lastKnownFileType = sourcecode.swift; path = Day13.swift; sourceTree = "<group>"; };
		CD58BFB727671C120041F8B1 /* Day14.swift */ = {isa = PBXFileReference; lastKnownFileType = sourcecode.swift; path = Day14.swift; sourceTree = "<group>"; };
		CD9AE05E2769E3F90088F38F /* Day16.swift */ = {isa = PBXFileReference; lastKnownFileType = sourcecode.swift; path = Day16.swift; sourceTree = "<group>"; };
		CD9AE060276B41E90088F38F /* Day17.swift */ = {isa = PBXFileReference; lastKnownFileType = sourcecode.swift; path = Day17.swift; sourceTree = "<group>"; };
/* End PBXFileReference section */

/* Begin PBXFrameworksBuildPhase section */
		CD2CDD5A2762F1C0003A9AD1 /* Frameworks */ = {
			isa = PBXFrameworksBuildPhase;
			buildActionMask = 2147483647;
			files = (
			);
			runOnlyForDeploymentPostprocessing = 0;
		};
/* End PBXFrameworksBuildPhase section */

/* Begin PBXGroup section */
		CD2CDD542762F1C0003A9AD1 = {
			isa = PBXGroup;
			children = (
				CD2CDD5F2762F1C0003A9AD1 /* Advent2021 */,
				CD2CDD5E2762F1C0003A9AD1 /* Products */,
			);
			sourceTree = "<group>";
		};
		CD2CDD5E2762F1C0003A9AD1 /* Products */ = {
			isa = PBXGroup;
			children = (
				CD2CDD5D2762F1C0003A9AD1 /* Advent2021 */,
			);
			name = Products;
			sourceTree = "<group>";
		};
		CD2CDD5F2762F1C0003A9AD1 /* Advent2021 */ = {
			isa = PBXGroup;
			children = (
				CD2CDD692762F31F003A9AD1 /* Resources */,
				CD2CDD602762F1C0003A9AD1 /* main.swift */,
				CD9AE060276B41E90088F38F /* Day17.swift */,
				CD9AE05E2769E3F90088F38F /* Day16.swift */,
				CD4F1D0D2769A67800E12E50 /* Day15.swift */,
				CD58BFB727671C120041F8B1 /* Day14.swift */,
				CD58BFB52765D9A30041F8B1 /* Day13.swift */,
				CD58BFB1276591F10041F8B1 /* Day12.swift */,
				CD5532CA276531A20099F58D /* Day11.swift */,
				CD2CDD672762F1DA003A9AD1 /* Day10.swift */,
			);
			path = Advent2021;
			sourceTree = "<group>";
		};
		CD2CDD692762F31F003A9AD1 /* Resources */ = {
			isa = PBXGroup;
			children = (
				CD2CDD6A2762F331003A9AD1 /* Helpers.swift */,
			);
			path = Resources;
			sourceTree = "<group>";
		};
/* End PBXGroup section */

/* Begin PBXNativeTarget section */
		CD2CDD5C2762F1C0003A9AD1 /* Advent2021 */ = {
			isa = PBXNativeTarget;
			buildConfigurationList = CD2CDD642762F1C0003A9AD1 /* Build configuration list for PBXNativeTarget "Advent2021" */;
			buildPhases = (
				CD2CDD592762F1C0003A9AD1 /* Sources */,
				CD2CDD5A2762F1C0003A9AD1 /* Frameworks */,
				CD2CDD5B2762F1C0003A9AD1 /* CopyFiles */,
			);
			buildRules = (
			);
			dependencies = (
			);
			name = Advent2021;
			productName = Advent2021;
			productReference = CD2CDD5D2762F1C0003A9AD1 /* Advent2021 */;
			productType = "com.apple.product-type.tool";
		};
/* End PBXNativeTarget section */

/* Begin PBXProject section */
		CD2CDD552762F1C0003A9AD1 /* Project object */ = {
			isa = PBXProject;
			attributes = {
				BuildIndependentTargetsInParallel = 1;
				LastSwiftUpdateCheck = 1320;
				LastUpgradeCheck = 1320;
				TargetAttributes = {
					CD2CDD5C2762F1C0003A9AD1 = {
						CreatedOnToolsVersion = 13.2;
					};
				};
			};
			buildConfigurationList = CD2CDD582762F1C0003A9AD1 /* Build configuration list for PBXProject "Advent2021" */;
			compatibilityVersion = "Xcode 13.0";
			developmentRegion = en;
			hasScannedForEncodings = 0;
			knownRegions = (
				en,
				Base,
			);
			mainGroup = CD2CDD542762F1C0003A9AD1;
			productRefGroup = CD2CDD5E2762F1C0003A9AD1 /* Products */;
			projectDirPath = "";
			projectRoot = "";
			targets = (
				CD2CDD5C2762F1C0003A9AD1 /* Advent2021 */,
			);
		};
/* End PBXProject section */

/* Begin PBXSourcesBuildPhase section */
		CD2CDD592762F1C0003A9AD1 /* Sources */ = {
			isa = PBXSourcesBuildPhase;
			buildActionMask = 2147483647;
			files = (
				CD58BFB62765D9A30041F8B1 /* Day13.swift in Sources */,
				CD58BFB2276591F10041F8B1 /* Day12.swift in Sources */,
				CD9AE05F2769E3F90088F38F /* Day16.swift in Sources */,
				CD4F1D0E2769A67800E12E50 /* Day15.swift in Sources */,
				CD2CDD682762F1DA003A9AD1 /* Day10.swift in Sources */,
				CD5532CB276531A20099F58D /* Day11.swift in Sources */,
				CD9AE061276B41E90088F38F /* Day17.swift in Sources */,
				CD2CDD6B2762F331003A9AD1 /* Helpers.swift in Sources */,
				CD58BFB827671C120041F8B1 /* Day14.swift in Sources */,
				CD2CDD612762F1C0003A9AD1 /* main.swift in Sources */,
			);
			runOnlyForDeploymentPostprocessing = 0;
		};
/* End PBXSourcesBuildPhase section */

/* Begin XCBuildConfiguration section */
		CD2CDD622762F1C0003A9AD1 /* Debug */ = {
			isa = XCBuildConfiguration;
			buildSettings = {
				ALWAYS_SEARCH_USER_PATHS = NO;
				CLANG_ANALYZER_NONNULL = YES;
				CLANG_ANALYZER_NUMBER_OBJECT_CONVERSION = YES_AGGRESSIVE;
				CLANG_CXX_LANGUAGE_STANDARD = "gnu++17";
				CLANG_CXX_LIBRARY = "libc++";
				CLANG_ENABLE_MODULES = YES;
				CLANG_ENABLE_OBJC_ARC = YES;
				CLANG_ENABLE_OBJC_WEAK = YES;
				CLANG_WARN_BLOCK_CAPTURE_AUTORELEASING = YES;
				CLANG_WARN_BOOL_CONVERSION = YES;
				CLANG_WARN_COMMA = YES;
				CLANG_WARN_CONSTANT_CONVERSION = YES;
				CLANG_WARN_DEPRECATED_OBJC_IMPLEMENTATIONS = YES;
				CLANG_WARN_DIRECT_OBJC_ISA_USAGE = YES_ERROR;
				CLANG_WARN_DOCUMENTATION_COMMENTS = YES;
				CLANG_WARN_EMPTY_BODY = YES;
				CLANG_WARN_ENUM_CONVERSION = YES;
				CLANG_WARN_INFINITE_RECURSION = YES;
				CLANG_WARN_INT_CONVERSION = YES;
				CLANG_WARN_NON_LITERAL_NULL_CONVERSION = YES;
				CLANG_WARN_OBJC_IMPLICIT_RETAIN_SELF = YES;
				CLANG_WARN_OBJC_LITERAL_CONVERSION = YES;
				CLANG_WARN_OBJC_ROOT_CLASS = YES_ERROR;
				CLANG_WARN_QUOTED_INCLUDE_IN_FRAMEWORK_HEADER = YES;
				CLANG_WARN_RANGE_LOOP_ANALYSIS = YES;
				CLANG_WARN_STRICT_PROTOTYPES = YES;
				CLANG_WARN_SUSPICIOUS_MOVE = YES;
				CLANG_WARN_UNGUARDED_AVAILABILITY = YES_AGGRESSIVE;
				CLANG_WARN_UNREACHABLE_CODE = YES;
				CLANG_WARN__DUPLICATE_METHOD_MATCH = YES;
				COPY_PHASE_STRIP = NO;
				DEBUG_INFORMATION_FORMAT = dwarf;
				ENABLE_STRICT_OBJC_MSGSEND = YES;
				ENABLE_TESTABILITY = YES;
				GCC_C_LANGUAGE_STANDARD = gnu11;
				GCC_DYNAMIC_NO_PIC = NO;
				GCC_NO_COMMON_BLOCKS = YES;
				GCC_OPTIMIZATION_LEVEL = 0;
				GCC_PREPROCESSOR_DEFINITIONS = (
					"DEBUG=1",
					"$(inherited)",
				);
				GCC_WARN_64_TO_32_BIT_CONVERSION = YES;
				GCC_WARN_ABOUT_RETURN_TYPE = YES_ERROR;
				GCC_WARN_UNDECLARED_SELECTOR = YES;
				GCC_WARN_UNINITIALIZED_AUTOS = YES_AGGRESSIVE;
				GCC_WARN_UNUSED_FUNCTION = YES;
				GCC_WARN_UNUSED_VARIABLE = YES;
				MACOSX_DEPLOYMENT_TARGET = 12.0;
				MTL_ENABLE_DEBUG_INFO = INCLUDE_SOURCE;
				MTL_FAST_MATH = YES;
				ONLY_ACTIVE_ARCH = YES;
				SDKROOT = macosx;
				SWIFT_ACTIVE_COMPILATION_CONDITIONS = DEBUG;
				SWIFT_OPTIMIZATION_LEVEL = "-Onone";
			};
			name = Debug;
		};
		CD2CDD632762F1C0003A9AD1 /* Release */ = {
			isa = XCBuildConfiguration;
			buildSettings = {
				ALWAYS_SEARCH_USER_PATHS = NO;
				CLANG_ANALYZER_NONNULL = YES;
				CLANG_ANALYZER_NUMBER_OBJECT_CONVERSION = YES_AGGRESSIVE;
				CLANG_CXX_LANGUAGE_STANDARD = "gnu++17";
				CLANG_CXX_LIBRARY = "libc++";
				CLANG_ENABLE_MODULES = YES;
				CLANG_ENABLE_OBJC_ARC = YES;
				CLANG_ENABLE_OBJC_WEAK = YES;
				CLANG_WARN_BLOCK_CAPTURE_AUTORELEASING = YES;
				CLANG_WARN_BOOL_CONVERSION = YES;
				CLANG_WARN_COMMA = YES;
				CLANG_WARN_CONSTANT_CONVERSION = YES;
				CLANG_WARN_DEPRECATED_OBJC_IMPLEMENTATIONS = YES;
				CLANG_WARN_DIRECT_OBJC_ISA_USAGE = YES_ERROR;
				CLANG_WARN_DOCUMENTATION_COMMENTS = YES;
				CLANG_WARN_EMPTY_BODY = YES;
				CLANG_WARN_ENUM_CONVERSION = YES;
				CLANG_WARN_INFINITE_RECURSION = YES;
				CLANG_WARN_INT_CONVERSION = YES;
				CLANG_WARN_NON_LITERAL_NULL_CONVERSION = YES;
				CLANG_WARN_OBJC_IMPLICIT_RETAIN_SELF = YES;
				CLANG_WARN_OBJC_LITERAL_CONVERSION = YES;
				CLANG_WARN_OBJC_ROOT_CLASS = YES_ERROR;
				CLANG_WARN_QUOTED_INCLUDE_IN_FRAMEWORK_HEADER = YES;
				CLANG_WARN_RANGE_LOOP_ANALYSIS = YES;
				CLANG_WARN_STRICT_PROTOTYPES = YES;
				CLANG_WARN_SUSPICIOUS_MOVE = YES;
				CLANG_WARN_UNGUARDED_AVAILABILITY = YES_AGGRESSIVE;
				CLANG_WARN_UNREACHABLE_CODE = YES;
				CLANG_WARN__DUPLICATE_METHOD_MATCH = YES;
				COPY_PHASE_STRIP = NO;
				DEBUG_INFORMATION_FORMAT = "dwarf-with-dsym";
				ENABLE_NS_ASSERTIONS = NO;
				ENABLE_STRICT_OBJC_MSGSEND = YES;
				GCC_C_LANGUAGE_STANDARD = gnu11;
				GCC_NO_COMMON_BLOCKS = YES;
				GCC_WARN_64_TO_32_BIT_CONVERSION = YES;
				GCC_WARN_ABOUT_RETURN_TYPE = YES_ERROR;
				GCC_WARN_UNDECLARED_SELECTOR = YES;
				GCC_WARN_UNINITIALIZED_AUTOS = YES_AGGRESSIVE;
				GCC_WARN_UNUSED_FUNCTION = YES;
				GCC_WARN_UNUSED_VARIABLE = YES;
				MACOSX_DEPLOYMENT_TARGET = 12.0;
				MTL_ENABLE_DEBUG_INFO = NO;
				MTL_FAST_MATH = YES;
				SDKROOT = macosx;
				SWIFT_COMPILATION_MODE = wholemodule;
				SWIFT_OPTIMIZATION_LEVEL = "-O";
			};
			name = Release;
		};
		CD2CDD652762F1C0003A9AD1 /* Debug */ = {
			isa = XCBuildConfiguration;
			buildSettings = {
				CODE_SIGN_STYLE = Automatic;
				DEVELOPMENT_TEAM = KP537WFKBH;
				ENABLE_HARDENED_RUNTIME = YES;
				PRODUCT_NAME = "$(TARGET_NAME)";
				SWIFT_VERSION = 5.0;
			};
			name = Debug;
		};
		CD2CDD662762F1C0003A9AD1 /* Release */ = {
			isa = XCBuildConfiguration;
			buildSettings = {
				CODE_SIGN_STYLE = Automatic;
				DEVELOPMENT_TEAM = KP537WFKBH;
				ENABLE_HARDENED_RUNTIME = YES;
				PRODUCT_NAME = "$(TARGET_NAME)";
				SWIFT_VERSION = 5.0;
			};
			name = Release;
		};
/* End XCBuildConfiguration section */

/* Begin XCConfigurationList section */
		CD2CDD582762F1C0003A9AD1 /* Build configuration list for PBXProject "Advent2021" */ = {
			isa = XCConfigurationList;
			buildConfigurations = (
				CD2CDD622762F1C0003A9AD1 /* Debug */,
				CD2CDD632762F1C0003A9AD1 /* Release */,
			);
			defaultConfigurationIsVisible = 0;
			defaultConfigurationName = Release;
		};
		CD2CDD642762F1C0003A9AD1 /* Build configuration list for PBXNativeTarget "Advent2021" */ = {
			isa = XCConfigurationList;
			buildConfigurations = (
				CD2CDD652762F1C0003A9AD1 /* Debug */,
				CD2CDD662762F1C0003A9AD1 /* Release */,
			);
			defaultConfigurationIsVisible = 0;
			defaultConfigurationName = Release;
		};
/* End XCConfigurationList section */
	};
	rootObject = CD2CDD552762F1C0003A9AD1 /* Project object */;
}
